// !$*UTF8*$!
{
	archiveVersion = 1;
	classes = {
	};
	objectVersion = 55;
	objects = {

/* Begin PBXBuildFile section */
		F7B108F927EB384C00D48519 /* AppDelegate.swift in Sources */ = {isa = PBXBuildFile; fileRef = F7B108F827EB384C00D48519 /* AppDelegate.swift */; };
		F7B108FB27EB384C00D48519 /* SceneDelegate.swift in Sources */ = {isa = PBXBuildFile; fileRef = F7B108FA27EB384C00D48519 /* SceneDelegate.swift */; };
		F7B108FD27EB384C00D48519 /* HomeViewController.swift in Sources */ = {isa = PBXBuildFile; fileRef = F7B108FC27EB384C00D48519 /* HomeViewController.swift */; };
		F7B1090027EB384C00D48519 /* Main.storyboard in Resources */ = {isa = PBXBuildFile; fileRef = F7B108FE27EB384C00D48519 /* Main.storyboard */; };
		F7B1090227EB384D00D48519 /* Assets.xcassets in Resources */ = {isa = PBXBuildFile; fileRef = F7B1090127EB384D00D48519 /* Assets.xcassets */; };
		F7B1090527EB384D00D48519 /* LaunchScreen.storyboard in Resources */ = {isa = PBXBuildFile; fileRef = F7B1090327EB384D00D48519 /* LaunchScreen.storyboard */; };
		F7B1091427EB3A4500D48519 /* ProfileViewController.swift in Sources */ = {isa = PBXBuildFile; fileRef = F7B1091327EB3A4500D48519 /* ProfileViewController.swift */; };
		F7B1091627EB3A5600D48519 /* NotificationsViewController.swift in Sources */ = {isa = PBXBuildFile; fileRef = F7B1091527EB3A5600D48519 /* NotificationsViewController.swift */; };
		F7B1091827EB3A6A00D48519 /* CameraViewController.swift in Sources */ = {isa = PBXBuildFile; fileRef = F7B1091727EB3A6A00D48519 /* CameraViewController.swift */; };
		F7B1091A27EB3A8300D48519 /* ExploreViewController.swift in Sources */ = {isa = PBXBuildFile; fileRef = F7B1091927EB3A8300D48519 /* ExploreViewController.swift */; };
		F7B1091F27EB4E0D00D48519 /* LoginViewController.swift in Sources */ = {isa = PBXBuildFile; fileRef = F7B1091E27EB4E0D00D48519 /* LoginViewController.swift */; };
		F7B1092127EB4E1700D48519 /* RegisterViewController.swift in Sources */ = {isa = PBXBuildFile; fileRef = F7B1092027EB4E1700D48519 /* RegisterViewController.swift */; };
		F7B1092327EB4E3400D48519 /* PostViewController.swift in Sources */ = {isa = PBXBuildFile; fileRef = F7B1092227EB4E3400D48519 /* PostViewController.swift */; };
		F7B1092527EB4E5100D48519 /* EditProfileViewController.swift in Sources */ = {isa = PBXBuildFile; fileRef = F7B1092427EB4E5100D48519 /* EditProfileViewController.swift */; };
		F7B1092727EB4E5F00D48519 /* SettingsViewController.swift in Sources */ = {isa = PBXBuildFile; fileRef = F7B1092627EB4E5F00D48519 /* SettingsViewController.swift */; };
		F7B1092927EB4E7600D48519 /* ListViewController.swift in Sources */ = {isa = PBXBuildFile; fileRef = F7B1092827EB4E7600D48519 /* ListViewController.swift */; };
		F7B1092B27EB4E8E00D48519 /* SearchViewController.swift in Sources */ = {isa = PBXBuildFile; fileRef = F7B1092A27EB4E8E00D48519 /* SearchViewController.swift */; };
		F7B1092D27EB4EAD00D48519 /* SearchResultViewController.swift in Sources */ = {isa = PBXBuildFile; fileRef = F7B1092C27EB4EAD00D48519 /* SearchResultViewController.swift */; };
		F7B1092F27EB4EEC00D48519 /* PostEditorViewController.swift in Sources */ = {isa = PBXBuildFile; fileRef = F7B1092E27EB4EEC00D48519 /* PostEditorViewController.swift */; };
		F7B1093127EB4EFE00D48519 /* PublishPostViewController.swift in Sources */ = {isa = PBXBuildFile; fileRef = F7B1093027EB4EFE00D48519 /* PublishPostViewController.swift */; };
/* End PBXBuildFile section */

/* Begin PBXFileReference section */
		F7B108F527EB384C00D48519 /* Instagram.app */ = {isa = PBXFileReference; explicitFileType = wrapper.application; includeInIndex = 0; path = Instagram.app; sourceTree = BUILT_PRODUCTS_DIR; };
		F7B108F827EB384C00D48519 /* AppDelegate.swift */ = {isa = PBXFileReference; lastKnownFileType = sourcecode.swift; path = AppDelegate.swift; sourceTree = "<group>"; };
		F7B108FA27EB384C00D48519 /* SceneDelegate.swift */ = {isa = PBXFileReference; lastKnownFileType = sourcecode.swift; path = SceneDelegate.swift; sourceTree = "<group>"; };
		F7B108FC27EB384C00D48519 /* HomeViewController.swift */ = {isa = PBXFileReference; lastKnownFileType = sourcecode.swift; path = HomeViewController.swift; sourceTree = "<group>"; };
		F7B108FF27EB384C00D48519 /* Base */ = {isa = PBXFileReference; lastKnownFileType = file.storyboard; name = Base; path = Base.lproj/Main.storyboard; sourceTree = "<group>"; };
		F7B1090127EB384D00D48519 /* Assets.xcassets */ = {isa = PBXFileReference; lastKnownFileType = folder.assetcatalog; path = Assets.xcassets; sourceTree = "<group>"; };
		F7B1090427EB384D00D48519 /* Base */ = {isa = PBXFileReference; lastKnownFileType = file.storyboard; name = Base; path = Base.lproj/LaunchScreen.storyboard; sourceTree = "<group>"; };
		F7B1090627EB384D00D48519 /* Info.plist */ = {isa = PBXFileReference; lastKnownFileType = text.plist.xml; path = Info.plist; sourceTree = "<group>"; };
		F7B1091327EB3A4500D48519 /* ProfileViewController.swift */ = {isa = PBXFileReference; lastKnownFileType = sourcecode.swift; path = ProfileViewController.swift; sourceTree = "<group>"; };
		F7B1091527EB3A5600D48519 /* NotificationsViewController.swift */ = {isa = PBXFileReference; lastKnownFileType = sourcecode.swift; path = NotificationsViewController.swift; sourceTree = "<group>"; };
		F7B1091727EB3A6A00D48519 /* CameraViewController.swift */ = {isa = PBXFileReference; lastKnownFileType = sourcecode.swift; path = CameraViewController.swift; sourceTree = "<group>"; };
		F7B1091927EB3A8300D48519 /* ExploreViewController.swift */ = {isa = PBXFileReference; lastKnownFileType = sourcecode.swift; path = ExploreViewController.swift; sourceTree = "<group>"; };
		F7B1091E27EB4E0D00D48519 /* LoginViewController.swift */ = {isa = PBXFileReference; lastKnownFileType = sourcecode.swift; path = LoginViewController.swift; sourceTree = "<group>"; };
		F7B1092027EB4E1700D48519 /* RegisterViewController.swift */ = {isa = PBXFileReference; lastKnownFileType = sourcecode.swift; path = RegisterViewController.swift; sourceTree = "<group>"; };
		F7B1092227EB4E3400D48519 /* PostViewController.swift */ = {isa = PBXFileReference; lastKnownFileType = sourcecode.swift; path = PostViewController.swift; sourceTree = "<group>"; };
		F7B1092427EB4E5100D48519 /* EditProfileViewController.swift */ = {isa = PBXFileReference; lastKnownFileType = sourcecode.swift; path = EditProfileViewController.swift; sourceTree = "<group>"; };
		F7B1092627EB4E5F00D48519 /* SettingsViewController.swift */ = {isa = PBXFileReference; lastKnownFileType = sourcecode.swift; path = SettingsViewController.swift; sourceTree = "<group>"; };
		F7B1092827EB4E7600D48519 /* ListViewController.swift */ = {isa = PBXFileReference; lastKnownFileType = sourcecode.swift; path = ListViewController.swift; sourceTree = "<group>"; };
		F7B1092A27EB4E8E00D48519 /* SearchViewController.swift */ = {isa = PBXFileReference; lastKnownFileType = sourcecode.swift; path = SearchViewController.swift; sourceTree = "<group>"; };
		F7B1092C27EB4EAD00D48519 /* SearchResultViewController.swift */ = {isa = PBXFileReference; lastKnownFileType = sourcecode.swift; path = SearchResultViewController.swift; sourceTree = "<group>"; };
		F7B1092E27EB4EEC00D48519 /* PostEditorViewController.swift */ = {isa = PBXFileReference; lastKnownFileType = sourcecode.swift; path = PostEditorViewController.swift; sourceTree = "<group>"; };
		F7B1093027EB4EFE00D48519 /* PublishPostViewController.swift */ = {isa = PBXFileReference; lastKnownFileType = sourcecode.swift; path = PublishPostViewController.swift; sourceTree = "<group>"; };
/* End PBXFileReference section */

/* Begin PBXFrameworksBuildPhase section */
		F7B108F227EB384C00D48519 /* Frameworks */ = {
			isa = PBXFrameworksBuildPhase;
			buildActionMask = 2147483647;
			files = (
			);
			runOnlyForDeploymentPostprocessing = 0;
		};
/* End PBXFrameworksBuildPhase section */

/* Begin PBXGroup section */
		F7B108EC27EB384B00D48519 = {
			isa = PBXGroup;
			children = (
				F7B108F727EB384C00D48519 /* Instagram */,
				F7B108F627EB384C00D48519 /* Products */,
			);
			sourceTree = "<group>";
		};
		F7B108F627EB384C00D48519 /* Products */ = {
			isa = PBXGroup;
			children = (
				F7B108F527EB384C00D48519 /* Instagram.app */,
			);
			name = Products;
			sourceTree = "<group>";
		};
		F7B108F727EB384C00D48519 /* Instagram */ = {
			isa = PBXGroup;
			children = (
				F7B1090F27EB38C700D48519 /* Resources */,
				F7B1090E27EB38BC00D48519 /* Models */,
				F7B1090D27EB38B000D48519 /* Views */,
				F7B1090C27EB389100D48519 /* Controllers */,
				F7B1090627EB384D00D48519 /* Info.plist */,
			);
			path = Instagram;
			sourceTree = "<group>";
		};
		F7B1090C27EB389100D48519 /* Controllers */ = {
			isa = PBXGroup;
			children = (
				F7B1091C27EB4DE400D48519 /* Other */,
				F7B1091B27EB4DC800D48519 /* CoreTabs */,
			);
			path = Controllers;
			sourceTree = "<group>";
		};
		F7B1090D27EB38B000D48519 /* Views */ = {
			isa = PBXGroup;
			children = (
				F7B1090127EB384D00D48519 /* Assets.xcassets */,
				F7B1091027EB394F00D48519 /* Storyboards */,
			);
			path = Views;
			sourceTree = "<group>";
		};
		F7B1090E27EB38BC00D48519 /* Models */ = {
			isa = PBXGroup;
			children = (
			);
			path = Models;
			sourceTree = "<group>";
		};
		F7B1090F27EB38C700D48519 /* Resources */ = {
			isa = PBXGroup;
			children = (
				F7B108F827EB384C00D48519 /* AppDelegate.swift */,
				F7B108FA27EB384C00D48519 /* SceneDelegate.swift */,
			);
			path = Resources;
			sourceTree = "<group>";
		};
		F7B1091027EB394F00D48519 /* Storyboards */ = {
			isa = PBXGroup;
			children = (
				F7B108FE27EB384C00D48519 /* Main.storyboard */,
				F7B1090327EB384D00D48519 /* LaunchScreen.storyboard */,
			);
			path = Storyboards;
			sourceTree = "<group>";
		};
		F7B1091B27EB4DC800D48519 /* CoreTabs */ = {
			isa = PBXGroup;
			children = (
				F7B108FC27EB384C00D48519 /* HomeViewController.swift */,
				F7B1091327EB3A4500D48519 /* ProfileViewController.swift */,
				F7B1091527EB3A5600D48519 /* NotificationsViewController.swift */,
				F7B1091727EB3A6A00D48519 /* CameraViewController.swift */,
				F7B1091927EB3A8300D48519 /* ExploreViewController.swift */,
			);
			path = CoreTabs;
			sourceTree = "<group>";
		};
		F7B1091C27EB4DE400D48519 /* Other */ = {
			isa = PBXGroup;
			children = (
				F7B1091D27EB4DEF00D48519 /* Onboarding */,
				F7B1092227EB4E3400D48519 /* PostViewController.swift */,
				F7B1092427EB4E5100D48519 /* EditProfileViewController.swift */,
				F7B1092627EB4E5F00D48519 /* SettingsViewController.swift */,
				F7B1092827EB4E7600D48519 /* ListViewController.swift */,
				F7B1092A27EB4E8E00D48519 /* SearchViewController.swift */,
				F7B1092C27EB4EAD00D48519 /* SearchResultViewController.swift */,
				F7B1092E27EB4EEC00D48519 /* PostEditorViewController.swift */,
				F7B1093027EB4EFE00D48519 /* PublishPostViewController.swift */,
			);
			path = Other;
			sourceTree = "<group>";
		};
		F7B1091D27EB4DEF00D48519 /* Onboarding */ = {
			isa = PBXGroup;
			children = (
				F7B1091E27EB4E0D00D48519 /* LoginViewController.swift */,
				F7B1092027EB4E1700D48519 /* RegisterViewController.swift */,
			);
			path = Onboarding;
			sourceTree = "<group>";
		};
/* End PBXGroup section */

/* Begin PBXNativeTarget section */
		F7B108F427EB384C00D48519 /* Instagram */ = {
			isa = PBXNativeTarget;
			buildConfigurationList = F7B1090927EB384D00D48519 /* Build configuration list for PBXNativeTarget "Instagram" */;
			buildPhases = (
				F7B108F127EB384C00D48519 /* Sources */,
				F7B108F227EB384C00D48519 /* Frameworks */,
				F7B108F327EB384C00D48519 /* Resources */,
			);
			buildRules = (
			);
			dependencies = (
			);
			name = Instagram;
			productName = Instagram;
			productReference = F7B108F527EB384C00D48519 /* Instagram.app */;
			productType = "com.apple.product-type.application";
		};
/* End PBXNativeTarget section */

/* Begin PBXProject section */
		F7B108ED27EB384B00D48519 /* Project object */ = {
			isa = PBXProject;
			attributes = {
				BuildIndependentTargetsInParallel = 1;
				LastSwiftUpdateCheck = 1330;
				LastUpgradeCheck = 1330;
				TargetAttributes = {
					F7B108F427EB384C00D48519 = {
						CreatedOnToolsVersion = 13.3;
					};
				};
			};
			buildConfigurationList = F7B108F027EB384B00D48519 /* Build configuration list for PBXProject "Instagram" */;
			compatibilityVersion = "Xcode 13.0";
			developmentRegion = en;
			hasScannedForEncodings = 0;
			knownRegions = (
				en,
				Base,
			);
			mainGroup = F7B108EC27EB384B00D48519;
			productRefGroup = F7B108F627EB384C00D48519 /* Products */;
			projectDirPath = "";
			projectRoot = "";
			targets = (
				F7B108F427EB384C00D48519 /* Instagram */,
			);
		};
/* End PBXProject section */

/* Begin PBXResourcesBuildPhase section */
		F7B108F327EB384C00D48519 /* Resources */ = {
			isa = PBXResourcesBuildPhase;
			buildActionMask = 2147483647;
			files = (
				F7B1090527EB384D00D48519 /* LaunchScreen.storyboard in Resources */,
				F7B1090227EB384D00D48519 /* Assets.xcassets in Resources */,
				F7B1090027EB384C00D48519 /* Main.storyboard in Resources */,
			);
			runOnlyForDeploymentPostprocessing = 0;
		};
/* End PBXResourcesBuildPhase section */

/* Begin PBXSourcesBuildPhase section */
		F7B108F127EB384C00D48519 /* Sources */ = {
			isa = PBXSourcesBuildPhase;
			buildActionMask = 2147483647;
			files = (
				F7B1092527EB4E5100D48519 /* EditProfileViewController.swift in Sources */,
				F7B1092127EB4E1700D48519 /* RegisterViewController.swift in Sources */,
				F7B1093127EB4EFE00D48519 /* PublishPostViewController.swift in Sources */,
				F7B1091627EB3A5600D48519 /* NotificationsViewController.swift in Sources */,
				F7B108FD27EB384C00D48519 /* HomeViewController.swift in Sources */,
				F7B108F927EB384C00D48519 /* AppDelegate.swift in Sources */,
				F7B1092F27EB4EEC00D48519 /* PostEditorViewController.swift in Sources */,
				F7B1092327EB4E3400D48519 /* PostViewController.swift in Sources */,
				F7B1091427EB3A4500D48519 /* ProfileViewController.swift in Sources */,
				F7B1092D27EB4EAD00D48519 /* SearchResultViewController.swift in Sources */,
				F7B1091F27EB4E0D00D48519 /* LoginViewController.swift in Sources */,
				F7B1092B27EB4E8E00D48519 /* SearchViewController.swift in Sources */,
				F7B108FB27EB384C00D48519 /* SceneDelegate.swift in Sources */,
				F7B1091A27EB3A8300D48519 /* ExploreViewController.swift in Sources */,
				F7B1091827EB3A6A00D48519 /* CameraViewController.swift in Sources */,
				F7B1092927EB4E7600D48519 /* ListViewController.swift in Sources */,
				F7B1092727EB4E5F00D48519 /* SettingsViewController.swift in Sources */,
			);
			runOnlyForDeploymentPostprocessing = 0;
		};
/* End PBXSourcesBuildPhase section */

/* Begin PBXVariantGroup section */
		F7B108FE27EB384C00D48519 /* Main.storyboard */ = {
			isa = PBXVariantGroup;
			children = (
				F7B108FF27EB384C00D48519 /* Base */,
			);
			name = Main.storyboard;
			sourceTree = "<group>";
		};
		F7B1090327EB384D00D48519 /* LaunchScreen.storyboard */ = {
			isa = PBXVariantGroup;
			children = (
				F7B1090427EB384D00D48519 /* Base */,
			);
			name = LaunchScreen.storyboard;
			sourceTree = "<group>";
		};
/* End PBXVariantGroup section */

/* Begin XCBuildConfiguration section */
		F7B1090727EB384D00D48519 /* Debug */ = {
			isa = XCBuildConfiguration;
			buildSettings = {
				ALWAYS_SEARCH_USER_PATHS = NO;
				CLANG_ANALYZER_NONNULL = YES;
				CLANG_ANALYZER_NUMBER_OBJECT_CONVERSION = YES_AGGRESSIVE;
				CLANG_CXX_LANGUAGE_STANDARD = "gnu++17";
				CLANG_ENABLE_MODULES = YES;
				CLANG_ENABLE_OBJC_ARC = YES;
				CLANG_ENABLE_OBJC_WEAK = YES;
				CLANG_WARN_BLOCK_CAPTURE_AUTORELEASING = YES;
				CLANG_WARN_BOOL_CONVERSION = YES;
				CLANG_WARN_COMMA = YES;
				CLANG_WARN_CONSTANT_CONVERSION = YES;
				CLANG_WARN_DEPRECATED_OBJC_IMPLEMENTATIONS = YES;
				CLANG_WARN_DIRECT_OBJC_ISA_USAGE = YES_ERROR;
				CLANG_WARN_DOCUMENTATION_COMMENTS = YES;
				CLANG_WARN_EMPTY_BODY = YES;
				CLANG_WARN_ENUM_CONVERSION = YES;
				CLANG_WARN_INFINITE_RECURSION = YES;
				CLANG_WARN_INT_CONVERSION = YES;
				CLANG_WARN_NON_LITERAL_NULL_CONVERSION = YES;
				CLANG_WARN_OBJC_IMPLICIT_RETAIN_SELF = YES;
				CLANG_WARN_OBJC_LITERAL_CONVERSION = YES;
				CLANG_WARN_OBJC_ROOT_CLASS = YES_ERROR;
				CLANG_WARN_QUOTED_INCLUDE_IN_FRAMEWORK_HEADER = YES;
				CLANG_WARN_RANGE_LOOP_ANALYSIS = YES;
				CLANG_WARN_STRICT_PROTOTYPES = YES;
				CLANG_WARN_SUSPICIOUS_MOVE = YES;
				CLANG_WARN_UNGUARDED_AVAILABILITY = YES_AGGRESSIVE;
				CLANG_WARN_UNREACHABLE_CODE = YES;
				CLANG_WARN__DUPLICATE_METHOD_MATCH = YES;
				COPY_PHASE_STRIP = NO;
				DEBUG_INFORMATION_FORMAT = dwarf;
				ENABLE_STRICT_OBJC_MSGSEND = YES;
				ENABLE_TESTABILITY = YES;
				GCC_C_LANGUAGE_STANDARD = gnu11;
				GCC_DYNAMIC_NO_PIC = NO;
				GCC_NO_COMMON_BLOCKS = YES;
				GCC_OPTIMIZATION_LEVEL = 0;
				GCC_PREPROCESSOR_DEFINITIONS = (
					"DEBUG=1",
					"$(inherited)",
				);
				GCC_WARN_64_TO_32_BIT_CONVERSION = YES;
				GCC_WARN_ABOUT_RETURN_TYPE = YES_ERROR;
				GCC_WARN_UNDECLARED_SELECTOR = YES;
				GCC_WARN_UNINITIALIZED_AUTOS = YES_AGGRESSIVE;
				GCC_WARN_UNUSED_FUNCTION = YES;
				GCC_WARN_UNUSED_VARIABLE = YES;
				IPHONEOS_DEPLOYMENT_TARGET = 15.4;
				MTL_ENABLE_DEBUG_INFO = INCLUDE_SOURCE;
				MTL_FAST_MATH = YES;
				ONLY_ACTIVE_ARCH = YES;
				SDKROOT = iphoneos;
				SWIFT_ACTIVE_COMPILATION_CONDITIONS = DEBUG;
				SWIFT_OPTIMIZATION_LEVEL = "-Onone";
			};
			name = Debug;
		};
		F7B1090827EB384D00D48519 /* Release */ = {
			isa = XCBuildConfiguration;
			buildSettings = {
				ALWAYS_SEARCH_USER_PATHS = NO;
				CLANG_ANALYZER_NONNULL = YES;
				CLANG_ANALYZER_NUMBER_OBJECT_CONVERSION = YES_AGGRESSIVE;
				CLANG_CXX_LANGUAGE_STANDARD = "gnu++17";
				CLANG_ENABLE_MODULES = YES;
				CLANG_ENABLE_OBJC_ARC = YES;
				CLANG_ENABLE_OBJC_WEAK = YES;
				CLANG_WARN_BLOCK_CAPTURE_AUTORELEASING = YES;
				CLANG_WARN_BOOL_CONVERSION = YES;
				CLANG_WARN_COMMA = YES;
				CLANG_WARN_CONSTANT_CONVERSION = YES;
				CLANG_WARN_DEPRECATED_OBJC_IMPLEMENTATIONS = YES;
				CLANG_WARN_DIRECT_OBJC_ISA_USAGE = YES_ERROR;
				CLANG_WARN_DOCUMENTATION_COMMENTS = YES;
				CLANG_WARN_EMPTY_BODY = YES;
				CLANG_WARN_ENUM_CONVERSION = YES;
				CLANG_WARN_INFINITE_RECURSION = YES;
				CLANG_WARN_INT_CONVERSION = YES;
				CLANG_WARN_NON_LITERAL_NULL_CONVERSION = YES;
				CLANG_WARN_OBJC_IMPLICIT_RETAIN_SELF = YES;
				CLANG_WARN_OBJC_LITERAL_CONVERSION = YES;
				CLANG_WARN_OBJC_ROOT_CLASS = YES_ERROR;
				CLANG_WARN_QUOTED_INCLUDE_IN_FRAMEWORK_HEADER = YES;
				CLANG_WARN_RANGE_LOOP_ANALYSIS = YES;
				CLANG_WARN_STRICT_PROTOTYPES = YES;
				CLANG_WARN_SUSPICIOUS_MOVE = YES;
				CLANG_WARN_UNGUARDED_AVAILABILITY = YES_AGGRESSIVE;
				CLANG_WARN_UNREACHABLE_CODE = YES;
				CLANG_WARN__DUPLICATE_METHOD_MATCH = YES;
				COPY_PHASE_STRIP = NO;
				DEBUG_INFORMATION_FORMAT = "dwarf-with-dsym";
				ENABLE_NS_ASSERTIONS = NO;
				ENABLE_STRICT_OBJC_MSGSEND = YES;
				GCC_C_LANGUAGE_STANDARD = gnu11;
				GCC_NO_COMMON_BLOCKS = YES;
				GCC_WARN_64_TO_32_BIT_CONVERSION = YES;
				GCC_WARN_ABOUT_RETURN_TYPE = YES_ERROR;
				GCC_WARN_UNDECLARED_SELECTOR = YES;
				GCC_WARN_UNINITIALIZED_AUTOS = YES_AGGRESSIVE;
				GCC_WARN_UNUSED_FUNCTION = YES;
				GCC_WARN_UNUSED_VARIABLE = YES;
				IPHONEOS_DEPLOYMENT_TARGET = 15.4;
				MTL_ENABLE_DEBUG_INFO = NO;
				MTL_FAST_MATH = YES;
				SDKROOT = iphoneos;
				SWIFT_COMPILATION_MODE = wholemodule;
				SWIFT_OPTIMIZATION_LEVEL = "-O";
				VALIDATE_PRODUCT = YES;
			};
			name = Release;
		};
		F7B1090A27EB384D00D48519 /* Debug */ = {
			isa = XCBuildConfiguration;
			buildSettings = {
				ASSETCATALOG_COMPILER_APPICON_NAME = AppIcon;
				ASSETCATALOG_COMPILER_GLOBAL_ACCENT_COLOR_NAME = AccentColor;
				CODE_SIGN_STYLE = Automatic;
				CURRENT_PROJECT_VERSION = 1;
				DEVELOPMENT_TEAM = FQA693L7V4;
				GENERATE_INFOPLIST_FILE = YES;
				INFOPLIST_FILE = Instagram/Info.plist;
				INFOPLIST_KEY_UIApplicationSupportsIndirectInputEvents = YES;
				INFOPLIST_KEY_UILaunchStoryboardName = LaunchScreen;
				INFOPLIST_KEY_UIMainStoryboardFile = Main;
				INFOPLIST_KEY_UISupportedInterfaceOrientations_iPad = "UIInterfaceOrientationPortrait UIInterfaceOrientationPortraitUpsideDown UIInterfaceOrientationLandscapeLeft UIInterfaceOrientationLandscapeRight";
				INFOPLIST_KEY_UISupportedInterfaceOrientations_iPhone = "UIInterfaceOrientationPortrait UIInterfaceOrientationLandscapeLeft UIInterfaceOrientationLandscapeRight";
				LD_RUNPATH_SEARCH_PATHS = (
					"$(inherited)",
					"@executable_path/Frameworks",
				);
				MARKETING_VERSION = 1.0;
				PRODUCT_BUNDLE_IDENTIFIER = pk.codebase.Instagram;
				PRODUCT_NAME = "$(TARGET_NAME)";
				SWIFT_EMIT_LOC_STRINGS = YES;
				SWIFT_VERSION = 5.0;
				TARGETED_DEVICE_FAMILY = "1,2";
			};
			name = Debug;
		};
		F7B1090B27EB384D00D48519 /* Release */ = {
			isa = XCBuildConfiguration;
			buildSettings = {
				ASSETCATALOG_COMPILER_APPICON_NAME = AppIcon;
				ASSETCATALOG_COMPILER_GLOBAL_ACCENT_COLOR_NAME = AccentColor;
				CODE_SIGN_STYLE = Automatic;
				CURRENT_PROJECT_VERSION = 1;
				DEVELOPMENT_TEAM = FQA693L7V4;
				GENERATE_INFOPLIST_FILE = YES;
				INFOPLIST_FILE = Instagram/Info.plist;
				INFOPLIST_KEY_UIApplicationSupportsIndirectInputEvents = YES;
				INFOPLIST_KEY_UILaunchStoryboardName = LaunchScreen;
				INFOPLIST_KEY_UIMainStoryboardFile = Main;
				INFOPLIST_KEY_UISupportedInterfaceOrientations_iPad = "UIInterfaceOrientationPortrait UIInterfaceOrientationPortraitUpsideDown UIInterfaceOrientationLandscapeLeft UIInterfaceOrientationLandscapeRight";
				INFOPLIST_KEY_UISupportedInterfaceOrientations_iPhone = "UIInterfaceOrientationPortrait UIInterfaceOrientationLandscapeLeft UIInterfaceOrientationLandscapeRight";
				LD_RUNPATH_SEARCH_PATHS = (
					"$(inherited)",
					"@executable_path/Frameworks",
				);
				MARKETING_VERSION = 1.0;
				PRODUCT_BUNDLE_IDENTIFIER = pk.codebase.Instagram;
				PRODUCT_NAME = "$(TARGET_NAME)";
				SWIFT_EMIT_LOC_STRINGS = YES;
				SWIFT_VERSION = 5.0;
				TARGETED_DEVICE_FAMILY = "1,2";
			};
			name = Release;
		};
/* End XCBuildConfiguration section */

/* Begin XCConfigurationList section */
		F7B108F027EB384B00D48519 /* Build configuration list for PBXProject "Instagram" */ = {
			isa = XCConfigurationList;
			buildConfigurations = (
				F7B1090727EB384D00D48519 /* Debug */,
				F7B1090827EB384D00D48519 /* Release */,
			);
			defaultConfigurationIsVisible = 0;
			defaultConfigurationName = Release;
		};
		F7B1090927EB384D00D48519 /* Build configuration list for PBXNativeTarget "Instagram" */ = {
			isa = XCConfigurationList;
			buildConfigurations = (
				F7B1090A27EB384D00D48519 /* Debug */,
				F7B1090B27EB384D00D48519 /* Release */,
			);
			defaultConfigurationIsVisible = 0;
			defaultConfigurationName = Release;
		};
/* End XCConfigurationList section */
	};
	rootObject = F7B108ED27EB384B00D48519 /* Project object */;
}
